
Microsoft Visual Studio Solution File, Format Version 12.00
# Visual Studio Version 16
VisualStudioVersion = 16.0.30711.63
MinimumVisualStudioVersion = 10.0.40219.1
Project("{9A19103F-16F7-4668-BE54-9A1E7A4F7556}") = "BethanysPieShopHRM.App", "BethanysPieShopHRM.App\BethanysPieShopHRM.App.csproj", "{83141370-8BAB-4328-B64D-35FD2FB20DF8}"
EndProject
Project("{9A19103F-16F7-4668-BE54-9A1E7A4F7556}") = "BethanysPieShopHRM.Shared", "BethanysPieShopHRM.Shared\BethanysPieShopHRM.Shared.csproj", "{952697F2-4477-495C-95F4-76E2D27FD20C}"
EndProject
Project("{9A19103F-16F7-4668-BE54-9A1E7A4F7556}") = "BethanysPieShopHRM.Api", "BethanysPieShopHRM.Api\BethanysPieShopHRM.Api.csproj", "{4DA1BF17-AFE3-49E5-ABEA-33299996B553}"
EndProject
Global
	GlobalSection(SolutionConfigurationPlatforms) = preSolution
		Debug|Any CPU = Debug|Any CPU
		Release|Any CPU = Release|Any CPU
	EndGlobalSection
	GlobalSection(ProjectConfigurationPlatforms) = postSolution
		{83141370-8BAB-4328-B64D-35FD2FB20DF8}.Debug|Any CPU.ActiveCfg = Debug|Any CPU
		{83141370-8BAB-4328-B64D-35FD2FB20DF8}.Debug|Any CPU.Build.0 = Debug|Any CPU
		{83141370-8BAB-4328-B64D-35FD2FB20DF8}.Release|Any CPU.ActiveCfg = Release|Any CPU
		{83141370-8BAB-4328-B64D-35FD2FB20DF8}.Release|Any CPU.Build.0 = Release|Any CPU
		{952697F2-4477-495C-95F4-76E2D27FD20C}.Debug|Any CPU.ActiveCfg = Debug|Any CPU
		{952697F2-4477-495C-95F4-76E2D27FD20C}.Debug|Any CPU.Build.0 = Debug|Any CPU
		{952697F2-4477-495C-95F4-76E2D27FD20C}.Release|Any CPU.ActiveCfg = Release|Any CPU
		{952697F2-4477-495C-95F4-76E2D27FD20C}.Release|Any CPU.Build.0 = Release|Any CPU
		{4DA1BF17-AFE3-49E5-ABEA-33299996B553}.Debug|Any CPU.ActiveCfg = Debug|Any CPU
		{4DA1BF17-AFE3-49E5-ABEA-33299996B553}.Debug|Any CPU.Build.0 = Debug|Any CPU
		{4DA1BF17-AFE3-49E5-ABEA-33299996B553}.Release|Any CPU.ActiveCfg = Release|Any CPU
		{4DA1BF17-AFE3-49E5-ABEA-33299996B553}.Release|Any CPU.Build.0 = Release|Any CPU
	EndGlobalSection
	GlobalSection(SolutionProperties) = preSolution
		HideSolutionNode = FALSE
	EndGlobalSection
	GlobalSection(ExtensibilityGlobals) = postSolution
		SolutionGuid = {0A6D0DB6-035B-40F5-99A6-BC9654F38D88}
	EndGlobalSection
EndGlobal
